
Microsoft Visual Studio Solution File, Format Version 12.00
# Visual Studio Version 16
VisualStudioVersion = 16.0.30114.105
MinimumVisualStudioVersion = 10.0.40219.1
Project("{9092AA53-FB77-4645-B42D-1CCCA6BD08BD}") = "NodejsSQLite_AUTE18SA", "NodejsSQLite_AUTE18SA\NodejsSQLite_AUTE18SA.njsproj", "{BA9D0BAC-84BF-4F12-A0CF-ABBB455EF893}"
EndProject
Global
	GlobalSection(SolutionConfigurationPlatforms) = preSolution
		Debug|Any CPU = Debug|Any CPU
		Release|Any CPU = Release|Any CPU
	EndGlobalSection
	GlobalSection(ProjectConfigurationPlatforms) = postSolution
		{BA9D0BAC-84BF-4F12-A0CF-ABBB455EF893}.Debug|Any CPU.ActiveCfg = Debug|Any CPU
		{BA9D0BAC-84BF-4F12-A0CF-ABBB455EF893}.Debug|Any CPU.Build.0 = Debug|Any CPU
		{BA9D0BAC-84BF-4F12-A0CF-ABBB455EF893}.Release|Any CPU.ActiveCfg = Release|Any CPU
		{BA9D0BAC-84BF-4F12-A0CF-ABBB455EF893}.Release|Any CPU.Build.0 = Release|Any CPU
	EndGlobalSection
	GlobalSection(SolutionProperties) = preSolution
		HideSolutionNode = FALSE
	EndGlobalSection
	GlobalSection(ExtensibilityGlobals) = postSolution
		SolutionGuid = {5BEB77A5-584F-45DD-8971-9BA45F23178B}
	EndGlobalSection
EndGlobal
